// !$*UTF8*$!
{
	archiveVersion = 1;
	classes = {
	};
	objectVersion = 50;
	objects = {

/* Begin PBXBuildFile section */
		7CAC46CD211F7C7A00AF9C83 /* AppDelegate.swift in Sources */ = {isa = PBXBuildFile; fileRef = 7CAC46CC211F7C7A00AF9C83 /* AppDelegate.swift */; };
		7CAC46CF211F7C7A00AF9C83 /* ViewController.swift in Sources */ = {isa = PBXBuildFile; fileRef = 7CAC46CE211F7C7A00AF9C83 /* ViewController.swift */; };
		7CAC46D4211F7C7C00AF9C83 /* Assets.xcassets in Resources */ = {isa = PBXBuildFile; fileRef = 7CAC46D3211F7C7C00AF9C83 /* Assets.xcassets */; };
		7CAC46D7211F7C7C00AF9C83 /* Main.storyboard in Resources */ = {isa = PBXBuildFile; fileRef = 7CAC46D5211F7C7C00AF9C83 /* Main.storyboard */; };
		7CAC46E3211F7C7C00AF9C83 /* Metal000Tests.swift in Sources */ = {isa = PBXBuildFile; fileRef = 7CAC46E2211F7C7C00AF9C83 /* Metal000Tests.swift */; };
		7CAC46EE211F7C7C00AF9C83 /* Metal000UITests.swift in Sources */ = {isa = PBXBuildFile; fileRef = 7CAC46ED211F7C7C00AF9C83 /* Metal000UITests.swift */; };
/* End PBXBuildFile section */

/* Begin PBXContainerItemProxy section */
		7CAC46DF211F7C7C00AF9C83 /* PBXContainerItemProxy */ = {
			isa = PBXContainerItemProxy;
			containerPortal = 7CAC46C1211F7C7A00AF9C83 /* Project object */;
			proxyType = 1;
			remoteGlobalIDString = 7CAC46C8211F7C7A00AF9C83;
			remoteInfo = Metal000;
		};
		7CAC46EA211F7C7C00AF9C83 /* PBXContainerItemProxy */ = {
			isa = PBXContainerItemProxy;
			containerPortal = 7CAC46C1211F7C7A00AF9C83 /* Project object */;
			proxyType = 1;
			remoteGlobalIDString = 7CAC46C8211F7C7A00AF9C83;
			remoteInfo = Metal000;
		};
/* End PBXContainerItemProxy section */

/* Begin PBXFileReference section */
		7CAC46C9211F7C7A00AF9C83 /* Metal000.app */ = {isa = PBXFileReference; explicitFileType = wrapper.application; includeInIndex = 0; path = Metal000.app; sourceTree = BUILT_PRODUCTS_DIR; };
		7CAC46CC211F7C7A00AF9C83 /* AppDelegate.swift */ = {isa = PBXFileReference; lastKnownFileType = sourcecode.swift; path = AppDelegate.swift; sourceTree = "<group>"; };
		7CAC46CE211F7C7A00AF9C83 /* ViewController.swift */ = {isa = PBXFileReference; lastKnownFileType = sourcecode.swift; path = ViewController.swift; sourceTree = "<group>"; };
		7CAC46D3211F7C7C00AF9C83 /* Assets.xcassets */ = {isa = PBXFileReference; lastKnownFileType = folder.assetcatalog; path = Assets.xcassets; sourceTree = "<group>"; };
		7CAC46D6211F7C7C00AF9C83 /* Base */ = {isa = PBXFileReference; lastKnownFileType = file.storyboard; name = Base; path = Base.lproj/Main.storyboard; sourceTree = "<group>"; };
		7CAC46D8211F7C7C00AF9C83 /* Info.plist */ = {isa = PBXFileReference; lastKnownFileType = text.plist.xml; path = Info.plist; sourceTree = "<group>"; };
		7CAC46DE211F7C7C00AF9C83 /* Metal000Tests.xctest */ = {isa = PBXFileReference; explicitFileType = wrapper.cfbundle; includeInIndex = 0; path = Metal000Tests.xctest; sourceTree = BUILT_PRODUCTS_DIR; };
		7CAC46E2211F7C7C00AF9C83 /* Metal000Tests.swift */ = {isa = PBXFileReference; lastKnownFileType = sourcecode.swift; path = Metal000Tests.swift; sourceTree = "<group>"; };
		7CAC46E4211F7C7C00AF9C83 /* Info.plist */ = {isa = PBXFileReference; lastKnownFileType = text.plist.xml; path = Info.plist; sourceTree = "<group>"; };
		7CAC46E9211F7C7C00AF9C83 /* Metal000UITests.xctest */ = {isa = PBXFileReference; explicitFileType = wrapper.cfbundle; includeInIndex = 0; path = Metal000UITests.xctest; sourceTree = BUILT_PRODUCTS_DIR; };
		7CAC46ED211F7C7C00AF9C83 /* Metal000UITests.swift */ = {isa = PBXFileReference; lastKnownFileType = sourcecode.swift; path = Metal000UITests.swift; sourceTree = "<group>"; };
		7CAC46EF211F7C7C00AF9C83 /* Info.plist */ = {isa = PBXFileReference; lastKnownFileType = text.plist.xml; path = Info.plist; sourceTree = "<group>"; };
/* End PBXFileReference section */

/* Begin PBXFrameworksBuildPhase section */
		7CAC46C6211F7C7A00AF9C83 /* Frameworks */ = {
			isa = PBXFrameworksBuildPhase;
			buildActionMask = 2147483647;
			files = (
			);
			runOnlyForDeploymentPostprocessing = 0;
		};
		7CAC46DB211F7C7C00AF9C83 /* Frameworks */ = {
			isa = PBXFrameworksBuildPhase;
			buildActionMask = 2147483647;
			files = (
			);
			runOnlyForDeploymentPostprocessing = 0;
		};
		7CAC46E6211F7C7C00AF9C83 /* Frameworks */ = {
			isa = PBXFrameworksBuildPhase;
			buildActionMask = 2147483647;
			files = (
			);
			runOnlyForDeploymentPostprocessing = 0;
		};
/* End PBXFrameworksBuildPhase section */

/* Begin PBXGroup section */
		7CAC46C0211F7C7A00AF9C83 = {
			isa = PBXGroup;
			children = (
				7CAC46CB211F7C7A00AF9C83 /* Metal000 */,
				7CAC46E1211F7C7C00AF9C83 /* Metal000Tests */,
				7CAC46EC211F7C7C00AF9C83 /* Metal000UITests */,
				7CAC46CA211F7C7A00AF9C83 /* Products */,
			);
			sourceTree = "<group>";
		};
		7CAC46CA211F7C7A00AF9C83 /* Products */ = {
			isa = PBXGroup;
			children = (
				7CAC46C9211F7C7A00AF9C83 /* Metal000.app */,
				7CAC46DE211F7C7C00AF9C83 /* Metal000Tests.xctest */,
				7CAC46E9211F7C7C00AF9C83 /* Metal000UITests.xctest */,
			);
			name = Products;
			sourceTree = "<group>";
		};
		7CAC46CB211F7C7A00AF9C83 /* Metal000 */ = {
			isa = PBXGroup;
			children = (
				7CAC46CC211F7C7A00AF9C83 /* AppDelegate.swift */,
				7CAC46CE211F7C7A00AF9C83 /* ViewController.swift */,
				7CAC46D3211F7C7C00AF9C83 /* Assets.xcassets */,
				7CAC46D5211F7C7C00AF9C83 /* Main.storyboard */,
				7CAC46D8211F7C7C00AF9C83 /* Info.plist */,
			);
			path = Metal000;
			sourceTree = "<group>";
		};
		7CAC46E1211F7C7C00AF9C83 /* Metal000Tests */ = {
			isa = PBXGroup;
			children = (
				7CAC46E2211F7C7C00AF9C83 /* Metal000Tests.swift */,
				7CAC46E4211F7C7C00AF9C83 /* Info.plist */,
			);
			path = Metal000Tests;
			sourceTree = "<group>";
		};
		7CAC46EC211F7C7C00AF9C83 /* Metal000UITests */ = {
			isa = PBXGroup;
			children = (
				7CAC46ED211F7C7C00AF9C83 /* Metal000UITests.swift */,
				7CAC46EF211F7C7C00AF9C83 /* Info.plist */,
			);
			path = Metal000UITests;
			sourceTree = "<group>";
		};
/* End PBXGroup section */

/* Begin PBXNativeTarget section */
		7CAC46C8211F7C7A00AF9C83 /* Metal000 */ = {
			isa = PBXNativeTarget;
			buildConfigurationList = 7CAC46F2211F7C7C00AF9C83 /* Build configuration list for PBXNativeTarget "Metal000" */;
			buildPhases = (
				7CAC46C5211F7C7A00AF9C83 /* Sources */,
				7CAC46C6211F7C7A00AF9C83 /* Frameworks */,
				7CAC46C7211F7C7A00AF9C83 /* Resources */,
			);
			buildRules = (
			);
			dependencies = (
			);
			name = Metal000;
			productName = Metal000;
			productReference = 7CAC46C9211F7C7A00AF9C83 /* Metal000.app */;
			productType = "com.apple.product-type.application";
		};
		7CAC46DD211F7C7C00AF9C83 /* Metal000Tests */ = {
			isa = PBXNativeTarget;
			buildConfigurationList = 7CAC46F5211F7C7C00AF9C83 /* Build configuration list for PBXNativeTarget "Metal000Tests" */;
			buildPhases = (
				7CAC46DA211F7C7C00AF9C83 /* Sources */,
				7CAC46DB211F7C7C00AF9C83 /* Frameworks */,
				7CAC46DC211F7C7C00AF9C83 /* Resources */,
			);
			buildRules = (
			);
			dependencies = (
				7CAC46E0211F7C7C00AF9C83 /* PBXTargetDependency */,
			);
			name = Metal000Tests;
			productName = Metal000Tests;
			productReference = 7CAC46DE211F7C7C00AF9C83 /* Metal000Tests.xctest */;
			productType = "com.apple.product-type.bundle.unit-test";
		};
		7CAC46E8211F7C7C00AF9C83 /* Metal000UITests */ = {
			isa = PBXNativeTarget;
			buildConfigurationList = 7CAC46F8211F7C7C00AF9C83 /* Build configuration list for PBXNativeTarget "Metal000UITests" */;
			buildPhases = (
				7CAC46E5211F7C7C00AF9C83 /* Sources */,
				7CAC46E6211F7C7C00AF9C83 /* Frameworks */,
				7CAC46E7211F7C7C00AF9C83 /* Resources */,
			);
			buildRules = (
			);
			dependencies = (
				7CAC46EB211F7C7C00AF9C83 /* PBXTargetDependency */,
			);
			name = Metal000UITests;
			productName = Metal000UITests;
			productReference = 7CAC46E9211F7C7C00AF9C83 /* Metal000UITests.xctest */;
			productType = "com.apple.product-type.bundle.ui-testing";
		};
/* End PBXNativeTarget section */

/* Begin PBXProject section */
		7CAC46C1211F7C7A00AF9C83 /* Project object */ = {
			isa = PBXProject;
			attributes = {
				LastSwiftUpdateCheck = 0940;
				LastUpgradeCheck = 0940;
				ORGANIZATIONNAME = "Michael Vilabrera";
				TargetAttributes = {
					7CAC46C8211F7C7A00AF9C83 = {
						CreatedOnToolsVersion = 9.4;
					};
					7CAC46DD211F7C7C00AF9C83 = {
						CreatedOnToolsVersion = 9.4;
						TestTargetID = 7CAC46C8211F7C7A00AF9C83;
					};
					7CAC46E8211F7C7C00AF9C83 = {
						CreatedOnToolsVersion = 9.4;
						TestTargetID = 7CAC46C8211F7C7A00AF9C83;
					};
				};
			};
			buildConfigurationList = 7CAC46C4211F7C7A00AF9C83 /* Build configuration list for PBXProject "Metal000" */;
			compatibilityVersion = "Xcode 9.3";
			developmentRegion = en;
			hasScannedForEncodings = 0;
			knownRegions = (
				en,
				Base,
			);
			mainGroup = 7CAC46C0211F7C7A00AF9C83;
			productRefGroup = 7CAC46CA211F7C7A00AF9C83 /* Products */;
			projectDirPath = "";
			projectRoot = "";
			targets = (
				7CAC46C8211F7C7A00AF9C83 /* Metal000 */,
				7CAC46DD211F7C7C00AF9C83 /* Metal000Tests */,
				7CAC46E8211F7C7C00AF9C83 /* Metal000UITests */,
			);
		};
/* End PBXProject section */

/* Begin PBXResourcesBuildPhase section */
		7CAC46C7211F7C7A00AF9C83 /* Resources */ = {
			isa = PBXResourcesBuildPhase;
			buildActionMask = 2147483647;
			files = (
				7CAC46D4211F7C7C00AF9C83 /* Assets.xcassets in Resources */,
				7CAC46D7211F7C7C00AF9C83 /* Main.storyboard in Resources */,
			);
			runOnlyForDeploymentPostprocessing = 0;
		};
		7CAC46DC211F7C7C00AF9C83 /* Resources */ = {
			isa = PBXResourcesBuildPhase;
			buildActionMask = 2147483647;
			files = (
			);
			runOnlyForDeploymentPostprocessing = 0;
		};
		7CAC46E7211F7C7C00AF9C83 /* Resources */ = {
			isa = PBXResourcesBuildPhase;
			buildActionMask = 2147483647;
			files = (
			);
			runOnlyForDeploymentPostprocessing = 0;
		};
/* End PBXResourcesBuildPhase section */

/* Begin PBXSourcesBuildPhase section */
		7CAC46C5211F7C7A00AF9C83 /* Sources */ = {
			isa = PBXSourcesBuildPhase;
			buildActionMask = 2147483647;
			files = (
				7CAC46CF211F7C7A00AF9C83 /* ViewController.swift in Sources */,
				7CAC46CD211F7C7A00AF9C83 /* AppDelegate.swift in Sources */,
			);
			runOnlyForDeploymentPostprocessing = 0;
		};
		7CAC46DA211F7C7C00AF9C83 /* Sources */ = {
			isa = PBXSourcesBuildPhase;
			buildActionMask = 2147483647;
			files = (
				7CAC46E3211F7C7C00AF9C83 /* Metal000Tests.swift in Sources */,
			);
			runOnlyForDeploymentPostprocessing = 0;
		};
		7CAC46E5211F7C7C00AF9C83 /* Sources */ = {
			isa = PBXSourcesBuildPhase;
			buildActionMask = 2147483647;
			files = (
				7CAC46EE211F7C7C00AF9C83 /* Metal000UITests.swift in Sources */,
			);
			runOnlyForDeploymentPostprocessing = 0;
		};
/* End PBXSourcesBuildPhase section */

/* Begin PBXTargetDependency section */
		7CAC46E0211F7C7C00AF9C83 /* PBXTargetDependency */ = {
			isa = PBXTargetDependency;
			target = 7CAC46C8211F7C7A00AF9C83 /* Metal000 */;
			targetProxy = 7CAC46DF211F7C7C00AF9C83 /* PBXContainerItemProxy */;
		};
		7CAC46EB211F7C7C00AF9C83 /* PBXTargetDependency */ = {
			isa = PBXTargetDependency;
			target = 7CAC46C8211F7C7A00AF9C83 /* Metal000 */;
			targetProxy = 7CAC46EA211F7C7C00AF9C83 /* PBXContainerItemProxy */;
		};
/* End PBXTargetDependency section */

/* Begin PBXVariantGroup section */
		7CAC46D5211F7C7C00AF9C83 /* Main.storyboard */ = {
			isa = PBXVariantGroup;
			children = (
				7CAC46D6211F7C7C00AF9C83 /* Base */,
			);
			name = Main.storyboard;
			sourceTree = "<group>";
		};
/* End PBXVariantGroup section */

/* Begin XCBuildConfiguration section */
		7CAC46F0211F7C7C00AF9C83 /* Debug */ = {
			isa = XCBuildConfiguration;
			buildSettings = {
				ALWAYS_SEARCH_USER_PATHS = NO;
				CLANG_ANALYZER_NONNULL = YES;
				CLANG_ANALYZER_NUMBER_OBJECT_CONVERSION = YES_AGGRESSIVE;
				CLANG_CXX_LANGUAGE_STANDARD = "gnu++14";
				CLANG_CXX_LIBRARY = "libc++";
				CLANG_ENABLE_MODULES = YES;
				CLANG_ENABLE_OBJC_ARC = YES;
				CLANG_ENABLE_OBJC_WEAK = YES;
				CLANG_WARN_BLOCK_CAPTURE_AUTORELEASING = YES;
				CLANG_WARN_BOOL_CONVERSION = YES;
				CLANG_WARN_COMMA = YES;
				CLANG_WARN_CONSTANT_CONVERSION = YES;
				CLANG_WARN_DEPRECATED_OBJC_IMPLEMENTATIONS = YES;
				CLANG_WARN_DIRECT_OBJC_ISA_USAGE = YES_ERROR;
				CLANG_WARN_DOCUMENTATION_COMMENTS = YES;
				CLANG_WARN_EMPTY_BODY = YES;
				CLANG_WARN_ENUM_CONVERSION = YES;
				CLANG_WARN_INFINITE_RECURSION = YES;
				CLANG_WARN_INT_CONVERSION = YES;
				CLANG_WARN_NON_LITERAL_NULL_CONVERSION = YES;
				CLANG_WARN_OBJC_IMPLICIT_RETAIN_SELF = YES;
				CLANG_WARN_OBJC_LITERAL_CONVERSION = YES;
				CLANG_WARN_OBJC_ROOT_CLASS = YES_ERROR;
				CLANG_WARN_RANGE_LOOP_ANALYSIS = YES;
				CLANG_WARN_STRICT_PROTOTYPES = YES;
				CLANG_WARN_SUSPICIOUS_MOVE = YES;
				CLANG_WARN_UNGUARDED_AVAILABILITY = YES_AGGRESSIVE;
				CLANG_WARN_UNREACHABLE_CODE = YES;
				CLANG_WARN__DUPLICATE_METHOD_MATCH = YES;
				CODE_SIGN_IDENTITY = "Mac Developer";
				COPY_PHASE_STRIP = NO;
				DEBUG_INFORMATION_FORMAT = dwarf;
				ENABLE_STRICT_OBJC_MSGSEND = YES;
				ENABLE_TESTABILITY = YES;
				GCC_C_LANGUAGE_STANDARD = gnu11;
				GCC_DYNAMIC_NO_PIC = NO;
				GCC_NO_COMMON_BLOCKS = YES;
				GCC_OPTIMIZATION_LEVEL = 0;
				GCC_PREPROCESSOR_DEFINITIONS = (
					"DEBUG=1",
					"$(inherited)",
				);
				GCC_WARN_64_TO_32_BIT_CONVERSION = YES;
				GCC_WARN_ABOUT_RETURN_TYPE = YES_ERROR;
				GCC_WARN_UNDECLARED_SELECTOR = YES;
				GCC_WARN_UNINITIALIZED_AUTOS = YES_AGGRESSIVE;
				GCC_WARN_UNUSED_FUNCTION = YES;
				GCC_WARN_UNUSED_VARIABLE = YES;
				MACOSX_DEPLOYMENT_TARGET = 10.13;
				MTL_ENABLE_DEBUG_INFO = YES;
				ONLY_ACTIVE_ARCH = YES;
				SDKROOT = macosx;
				SWIFT_ACTIVE_COMPILATION_CONDITIONS = DEBUG;
				SWIFT_OPTIMIZATION_LEVEL = "-Onone";
			};
			name = Debug;
		};
		7CAC46F1211F7C7C00AF9C83 /* Release */ = {
			isa = XCBuildConfiguration;
			buildSettings = {
				ALWAYS_SEARCH_USER_PATHS = NO;
				CLANG_ANALYZER_NONNULL = YES;
				CLANG_ANALYZER_NUMBER_OBJECT_CONVERSION = YES_AGGRESSIVE;
				CLANG_CXX_LANGUAGE_STANDARD = "gnu++14";
				CLANG_CXX_LIBRARY = "libc++";
				CLANG_ENABLE_MODULES = YES;
				CLANG_ENABLE_OBJC_ARC = YES;
				CLANG_ENABLE_OBJC_WEAK = YES;
				CLANG_WARN_BLOCK_CAPTURE_AUTORELEASING = YES;
				CLANG_WARN_BOOL_CONVERSION = YES;
				CLANG_WARN_COMMA = YES;
				CLANG_WARN_CONSTANT_CONVERSION = YES;
				CLANG_WARN_DEPRECATED_OBJC_IMPLEMENTATIONS = YES;
				CLANG_WARN_DIRECT_OBJC_ISA_USAGE = YES_ERROR;
				CLANG_WARN_DOCUMENTATION_COMMENTS = YES;
				CLANG_WARN_EMPTY_BODY = YES;
				CLANG_WARN_ENUM_CONVERSION = YES;
				CLANG_WARN_INFINITE_RECURSION = YES;
				CLANG_WARN_INT_CONVERSION = YES;
				CLANG_WARN_NON_LITERAL_NULL_CONVERSION = YES;
				CLANG_WARN_OBJC_IMPLICIT_RETAIN_SELF = YES;
				CLANG_WARN_OBJC_LITERAL_CONVERSION = YES;
				CLANG_WARN_OBJC_ROOT_CLASS = YES_ERROR;
				CLANG_WARN_RANGE_LOOP_ANALYSIS = YES;
				CLANG_WARN_STRICT_PROTOTYPES = YES;
				CLANG_WARN_SUSPICIOUS_MOVE = YES;
				CLANG_WARN_UNGUARDED_AVAILABILITY = YES_AGGRESSIVE;
				CLANG_WARN_UNREACHABLE_CODE = YES;
				CLANG_WARN__DUPLICATE_METHOD_MATCH = YES;
				CODE_SIGN_IDENTITY = "Mac Developer";
				COPY_PHASE_STRIP = NO;
				DEBUG_INFORMATION_FORMAT = "dwarf-with-dsym";
				ENABLE_NS_ASSERTIONS = NO;
				ENABLE_STRICT_OBJC_MSGSEND = YES;
				GCC_C_LANGUAGE_STANDARD = gnu11;
				GCC_NO_COMMON_BLOCKS = YES;
				GCC_WARN_64_TO_32_BIT_CONVERSION = YES;
				GCC_WARN_ABOUT_RETURN_TYPE = YES_ERROR;
				GCC_WARN_UNDECLARED_SELECTOR = YES;
				GCC_WARN_UNINITIALIZED_AUTOS = YES_AGGRESSIVE;
				GCC_WARN_UNUSED_FUNCTION = YES;
				GCC_WARN_UNUSED_VARIABLE = YES;
				MACOSX_DEPLOYMENT_TARGET = 10.13;
				MTL_ENABLE_DEBUG_INFO = NO;
				SDKROOT = macosx;
				SWIFT_COMPILATION_MODE = wholemodule;
				SWIFT_OPTIMIZATION_LEVEL = "-O";
			};
			name = Release;
		};
		7CAC46F3211F7C7C00AF9C83 /* Debug */ = {
			isa = XCBuildConfiguration;
			buildSettings = {
				ASSETCATALOG_COMPILER_APPICON_NAME = AppIcon;
				CODE_SIGN_ENTITLEMENTS = Metal000/Metal000.entitlements;
				CODE_SIGN_STYLE = Automatic;
				COMBINE_HIDPI_IMAGES = YES;
				DEVELOPMENT_TEAM = 5Q3CLN5Y6Q;
				INFOPLIST_FILE = Metal000/Info.plist;
				LD_RUNPATH_SEARCH_PATHS = (
					"$(inherited)",
					"@executable_path/../Frameworks",
				);
				PRODUCT_BUNDLE_IDENTIFIER = FullMetalFist.Metal000;
				PRODUCT_NAME = "$(TARGET_NAME)";
				SWIFT_VERSION = 4.0;
			};
			name = Debug;
		};
		7CAC46F4211F7C7C00AF9C83 /* Release */ = {
			isa = XCBuildConfiguration;
			buildSettings = {
				ASSETCATALOG_COMPILER_APPICON_NAME = AppIcon;
				CODE_SIGN_ENTITLEMENTS = Metal000/Metal000.entitlements;
				CODE_SIGN_STYLE = Automatic;
				COMBINE_HIDPI_IMAGES = YES;
				DEVELOPMENT_TEAM = 5Q3CLN5Y6Q;
				INFOPLIST_FILE = Metal000/Info.plist;
				LD_RUNPATH_SEARCH_PATHS = (
					"$(inherited)",
					"@executable_path/../Frameworks",
				);
				PRODUCT_BUNDLE_IDENTIFIER = FullMetalFist.Metal000;
				PRODUCT_NAME = "$(TARGET_NAME)";
				SWIFT_VERSION = 4.0;
			};
			name = Release;
		};
		7CAC46F6211F7C7C00AF9C83 /* Debug */ = {
			isa = XCBuildConfiguration;
			buildSettings = {
				ALWAYS_EMBED_SWIFT_STANDARD_LIBRARIES = YES;
				BUNDLE_LOADER = "$(TEST_HOST)";
				CODE_SIGN_STYLE = Automatic;
				COMBINE_HIDPI_IMAGES = YES;
				DEVELOPMENT_TEAM = 5Q3CLN5Y6Q;
				INFOPLIST_FILE = Metal000Tests/Info.plist;
				LD_RUNPATH_SEARCH_PATHS = (
					"$(inherited)",
					"@executable_path/../Frameworks",
					"@loader_path/../Frameworks",
				);
				PRODUCT_BUNDLE_IDENTIFIER = FullMetalFist.Metal000Tests;
				PRODUCT_NAME = "$(TARGET_NAME)";
				SWIFT_VERSION = 4.0;
				TEST_HOST = "$(BUILT_PRODUCTS_DIR)/Metal000.app/Contents/MacOS/Metal000";
			};
			name = Debug;
		};
		7CAC46F7211F7C7C00AF9C83 /* Release */ = {
			isa = XCBuildConfiguration;
			buildSettings = {
				ALWAYS_EMBED_SWIFT_STANDARD_LIBRARIES = YES;
				BUNDLE_LOADER = "$(TEST_HOST)";
				CODE_SIGN_STYLE = Automatic;
				COMBINE_HIDPI_IMAGES = YES;
				DEVELOPMENT_TEAM = 5Q3CLN5Y6Q;
				INFOPLIST_FILE = Metal000Tests/Info.plist;
				LD_RUNPATH_SEARCH_PATHS = (
					"$(inherited)",
					"@executable_path/../Frameworks",
					"@loader_path/../Frameworks",
				);
				PRODUCT_BUNDLE_IDENTIFIER = FullMetalFist.Metal000Tests;
				PRODUCT_NAME = "$(TARGET_NAME)";
				SWIFT_VERSION = 4.0;
				TEST_HOST = "$(BUILT_PRODUCTS_DIR)/Metal000.app/Contents/MacOS/Metal000";
			};
			name = Release;
		};
		7CAC46F9211F7C7C00AF9C83 /* Debug */ = {
			isa = XCBuildConfiguration;
			buildSettings = {
				ALWAYS_EMBED_SWIFT_STANDARD_LIBRARIES = YES;
				CODE_SIGN_STYLE = Automatic;
				COMBINE_HIDPI_IMAGES = YES;
				DEVELOPMENT_TEAM = 5Q3CLN5Y6Q;
				INFOPLIST_FILE = Metal000UITests/Info.plist;
				LD_RUNPATH_SEARCH_PATHS = (
					"$(inherited)",
					"@executable_path/../Frameworks",
					"@loader_path/../Frameworks",
				);
				PRODUCT_BUNDLE_IDENTIFIER = FullMetalFist.Metal000UITests;
				PRODUCT_NAME = "$(TARGET_NAME)";
				SWIFT_VERSION = 4.0;
				TEST_TARGET_NAME = Metal000;
			};
			name = Debug;
		};
		7CAC46FA211F7C7C00AF9C83 /* Release */ = {
			isa = XCBuildConfiguration;
			buildSettings = {
				ALWAYS_EMBED_SWIFT_STANDARD_LIBRARIES = YES;
				CODE_SIGN_STYLE = Automatic;
				COMBINE_HIDPI_IMAGES = YES;
				DEVELOPMENT_TEAM = 5Q3CLN5Y6Q;
				INFOPLIST_FILE = Metal000UITests/Info.plist;
				LD_RUNPATH_SEARCH_PATHS = (
					"$(inherited)",
					"@executable_path/../Frameworks",
					"@loader_path/../Frameworks",
				);
				PRODUCT_BUNDLE_IDENTIFIER = FullMetalFist.Metal000UITests;
				PRODUCT_NAME = "$(TARGET_NAME)";
				SWIFT_VERSION = 4.0;
				TEST_TARGET_NAME = Metal000;
			};
			name = Release;
		};
/* End XCBuildConfiguration section */

/* Begin XCConfigurationList section */
		7CAC46C4211F7C7A00AF9C83 /* Build configuration list for PBXProject "Metal000" */ = {
			isa = XCConfigurationList;
			buildConfigurations = (
				7CAC46F0211F7C7C00AF9C83 /* Debug */,
				7CAC46F1211F7C7C00AF9C83 /* Release */,
			);
			defaultConfigurationIsVisible = 0;
			defaultConfigurationName = Release;
		};
		7CAC46F2211F7C7C00AF9C83 /* Build configuration list for PBXNativeTarget "Metal000" */ = {
			isa = XCConfigurationList;
			buildConfigurations = (
				7CAC46F3211F7C7C00AF9C83 /* Debug */,
				7CAC46F4211F7C7C00AF9C83 /* Release */,
			);
			defaultConfigurationIsVisible = 0;
			defaultConfigurationName = Release;
		};
		7CAC46F5211F7C7C00AF9C83 /* Build configuration list for PBXNativeTarget "Metal000Tests" */ = {
			isa = XCConfigurationList;
			buildConfigurations = (
				7CAC46F6211F7C7C00AF9C83 /* Debug */,
				7CAC46F7211F7C7C00AF9C83 /* Release */,
			);
			defaultConfigurationIsVisible = 0;
			defaultConfigurationName = Release;
		};
		7CAC46F8211F7C7C00AF9C83 /* Build configuration list for PBXNativeTarget "Metal000UITests" */ = {
			isa = XCConfigurationList;
			buildConfigurations = (
				7CAC46F9211F7C7C00AF9C83 /* Debug */,
				7CAC46FA211F7C7C00AF9C83 /* Release */,
			);
			defaultConfigurationIsVisible = 0;
			defaultConfigurationName = Release;
		};
/* End XCConfigurationList section */
	};
	rootObject = 7CAC46C1211F7C7A00AF9C83 /* Project object */;
}
